
Microsoft Visual Studio Solution File, Format Version 12.00
# Visual Studio Version 16
VisualStudioVersion = 25.0.1703.6
MinimumVisualStudioVersion = 10.0.40219.1
Project("{FAE04EC0-301F-11D3-BF4B-00C04F79EFBC}") = "miniProjektShelter.Server", "miniProjektShelter\Server\miniProjektShelter.Server.csproj", "{3EB5113C-6897-48ED-A65E-512135A96414}"
EndProject
Project("{FAE04EC0-301F-11D3-BF4B-00C04F79EFBC}") = "miniProjektShelter.Client", "miniProjektShelter\Client\miniProjektShelter.Client.csproj", "{479F8414-C4A4-44CA-8DD1-DA7EA5371361}"
EndProject
Project("{FAE04EC0-301F-11D3-BF4B-00C04F79EFBC}") = "miniProjektShelter.Shared", "miniProjektShelter\Shared\miniProjektShelter.Shared.csproj", "{DEDF325D-484A-4423-B71E-628A02873BC0}"
EndProject
Global
	GlobalSection(SolutionConfigurationPlatforms) = preSolution
		Debug|Any CPU = Debug|Any CPU
		Release|Any CPU = Release|Any CPU
	EndGlobalSection
	GlobalSection(ProjectConfigurationPlatforms) = postSolution
		{3EB5113C-6897-48ED-A65E-512135A96414}.Debug|Any CPU.ActiveCfg = Debug|Any CPU
		{3EB5113C-6897-48ED-A65E-512135A96414}.Debug|Any CPU.Build.0 = Debug|Any CPU
		{3EB5113C-6897-48ED-A65E-512135A96414}.Release|Any CPU.ActiveCfg = Release|Any CPU
		{3EB5113C-6897-48ED-A65E-512135A96414}.Release|Any CPU.Build.0 = Release|Any CPU
		{479F8414-C4A4-44CA-8DD1-DA7EA5371361}.Debug|Any CPU.ActiveCfg = Debug|Any CPU
		{479F8414-C4A4-44CA-8DD1-DA7EA5371361}.Debug|Any CPU.Build.0 = Debug|Any CPU
		{479F8414-C4A4-44CA-8DD1-DA7EA5371361}.Release|Any CPU.ActiveCfg = Release|Any CPU
		{479F8414-C4A4-44CA-8DD1-DA7EA5371361}.Release|Any CPU.Build.0 = Release|Any CPU
		{DEDF325D-484A-4423-B71E-628A02873BC0}.Debug|Any CPU.ActiveCfg = Debug|Any CPU
		{DEDF325D-484A-4423-B71E-628A02873BC0}.Debug|Any CPU.Build.0 = Debug|Any CPU
		{DEDF325D-484A-4423-B71E-628A02873BC0}.Release|Any CPU.ActiveCfg = Release|Any CPU
		{DEDF325D-484A-4423-B71E-628A02873BC0}.Release|Any CPU.Build.0 = Release|Any CPU
	EndGlobalSection
	GlobalSection(SolutionProperties) = preSolution
		HideSolutionNode = FALSE
	EndGlobalSection
	GlobalSection(ExtensibilityGlobals) = postSolution
		SolutionGuid = {4DD6501A-428C-4FF3-B9AA-92F7D89A0242}
	EndGlobalSection
EndGlobal
